// !$*UTF8*$!
{
	archiveVersion = 1;
	classes = {
	};
	objectVersion = 50;
	objects = {

/* Begin PBXBuildFile section */
		6AC5CBF226943B33002DF232 /* AppDelegate.swift in Sources */ = {isa = PBXBuildFile; fileRef = 6AC5CBF126943B33002DF232 /* AppDelegate.swift */; };
		6AC5CBF426943B33002DF232 /* SceneDelegate.swift in Sources */ = {isa = PBXBuildFile; fileRef = 6AC5CBF326943B33002DF232 /* SceneDelegate.swift */; };
		6AC5CBF926943B33002DF232 /* Main.storyboard in Resources */ = {isa = PBXBuildFile; fileRef = 6AC5CBF726943B33002DF232 /* Main.storyboard */; };
		6AC5CBFB26943B3C002DF232 /* Assets.xcassets in Resources */ = {isa = PBXBuildFile; fileRef = 6AC5CBFA26943B3C002DF232 /* Assets.xcassets */; };
		6AC5CBFE26943B3C002DF232 /* LaunchScreen.storyboard in Resources */ = {isa = PBXBuildFile; fileRef = 6AC5CBFC26943B3C002DF232 /* LaunchScreen.storyboard */; };
		6AC5CC0926943B3C002DF232 /* countryListTests.swift in Sources */ = {isa = PBXBuildFile; fileRef = 6AC5CC0826943B3C002DF232 /* countryListTests.swift */; };
		6AC5CC1426943B3C002DF232 /* countryListUITests.swift in Sources */ = {isa = PBXBuildFile; fileRef = 6AC5CC1326943B3C002DF232 /* countryListUITests.swift */; };
		6AC5CC3826943EAF002DF232 /* JsonManager.swift in Sources */ = {isa = PBXBuildFile; fileRef = 6AC5CC3726943EAF002DF232 /* JsonManager.swift */; };
		6AC5CC3926943EAF002DF232 /* JsonManager.swift in Sources */ = {isa = PBXBuildFile; fileRef = 6AC5CC3726943EAF002DF232 /* JsonManager.swift */; };
		6AC5CC3A26943EAF002DF232 /* JsonManager.swift in Sources */ = {isa = PBXBuildFile; fileRef = 6AC5CC3726943EAF002DF232 /* JsonManager.swift */; };
		6AC5CC4226943ECD002DF232 /* Country.swift in Sources */ = {isa = PBXBuildFile; fileRef = 6AC5CC4126943ECD002DF232 /* Country.swift */; };
		6AC5CC4326943ECD002DF232 /* Country.swift in Sources */ = {isa = PBXBuildFile; fileRef = 6AC5CC4126943ECD002DF232 /* Country.swift */; };
		6AC5CC4426943ECD002DF232 /* Country.swift in Sources */ = {isa = PBXBuildFile; fileRef = 6AC5CC4126943ECD002DF232 /* Country.swift */; };
		6AC5CC4926943ED9002DF232 /* Library.swift in Sources */ = {isa = PBXBuildFile; fileRef = 6AC5CC4826943ED9002DF232 /* Library.swift */; };
		6AC5CC4A26943ED9002DF232 /* Library.swift in Sources */ = {isa = PBXBuildFile; fileRef = 6AC5CC4826943ED9002DF232 /* Library.swift */; };
		6AC5CC4B26943ED9002DF232 /* Library.swift in Sources */ = {isa = PBXBuildFile; fileRef = 6AC5CC4826943ED9002DF232 /* Library.swift */; };
		6AC5CC5626943FA1002DF232 /* countryList.json in Resources */ = {isa = PBXBuildFile; fileRef = 6AC5CC5526943FA1002DF232 /* countryList.json */; };
		6AC5CC5726943FA1002DF232 /* countryList.json in Resources */ = {isa = PBXBuildFile; fileRef = 6AC5CC5526943FA1002DF232 /* countryList.json */; };
		6AC5CC5826943FA1002DF232 /* countryList.json in Resources */ = {isa = PBXBuildFile; fileRef = 6AC5CC5526943FA1002DF232 /* countryList.json */; };
		6AC5CC66269450D6002DF232 /* CountryTableViewController.swift in Sources */ = {isa = PBXBuildFile; fileRef = 6AC5CC65269450D6002DF232 /* CountryTableViewController.swift */; };
		6AC5CC67269450D6002DF232 /* CountryTableViewController.swift in Sources */ = {isa = PBXBuildFile; fileRef = 6AC5CC65269450D6002DF232 /* CountryTableViewController.swift */; };
		6AC5CC68269450D6002DF232 /* CountryTableViewController.swift in Sources */ = {isa = PBXBuildFile; fileRef = 6AC5CC65269450D6002DF232 /* CountryTableViewController.swift */; };
		6AC5CC6E26945132002DF232 /* CountryTableViewCell.swift in Sources */ = {isa = PBXBuildFile; fileRef = 6AC5CC6D26945132002DF232 /* CountryTableViewCell.swift */; };
		6AC5CC6F26945132002DF232 /* CountryTableViewCell.swift in Sources */ = {isa = PBXBuildFile; fileRef = 6AC5CC6D26945132002DF232 /* CountryTableViewCell.swift */; };
		6AC5CC7026945132002DF232 /* CountryTableViewCell.swift in Sources */ = {isa = PBXBuildFile; fileRef = 6AC5CC6D26945132002DF232 /* CountryTableViewCell.swift */; };
		6AC5CC7826947690002DF232 /* Enums.swift in Sources */ = {isa = PBXBuildFile; fileRef = 6AC5CC7726947690002DF232 /* Enums.swift */; };
		6AC5CC7926947690002DF232 /* Enums.swift in Sources */ = {isa = PBXBuildFile; fileRef = 6AC5CC7726947690002DF232 /* Enums.swift */; };
		6AC5CC7A26947690002DF232 /* Enums.swift in Sources */ = {isa = PBXBuildFile; fileRef = 6AC5CC7726947690002DF232 /* Enums.swift */; };
/* End PBXBuildFile section */

/* Begin PBXContainerItemProxy section */
		6AC5CC0526943B3C002DF232 /* PBXContainerItemProxy */ = {
			isa = PBXContainerItemProxy;
			containerPortal = 6AC5CBE626943B33002DF232 /* Project object */;
			proxyType = 1;
			remoteGlobalIDString = 6AC5CBED26943B33002DF232;
			remoteInfo = countryList;
		};
		6AC5CC1026943B3C002DF232 /* PBXContainerItemProxy */ = {
			isa = PBXContainerItemProxy;
			containerPortal = 6AC5CBE626943B33002DF232 /* Project object */;
			proxyType = 1;
			remoteGlobalIDString = 6AC5CBED26943B33002DF232;
			remoteInfo = countryList;
		};
/* End PBXContainerItemProxy section */

/* Begin PBXFileReference section */
		6AC5CBEE26943B33002DF232 /* countryList.app */ = {isa = PBXFileReference; explicitFileType = wrapper.application; includeInIndex = 0; path = countryList.app; sourceTree = BUILT_PRODUCTS_DIR; };
		6AC5CBF126943B33002DF232 /* AppDelegate.swift */ = {isa = PBXFileReference; lastKnownFileType = sourcecode.swift; path = AppDelegate.swift; sourceTree = "<group>"; };
		6AC5CBF326943B33002DF232 /* SceneDelegate.swift */ = {isa = PBXFileReference; lastKnownFileType = sourcecode.swift; path = SceneDelegate.swift; sourceTree = "<group>"; };
		6AC5CBF826943B33002DF232 /* Base */ = {isa = PBXFileReference; lastKnownFileType = file.storyboard; name = Base; path = Base.lproj/Main.storyboard; sourceTree = "<group>"; };
		6AC5CBFA26943B3C002DF232 /* Assets.xcassets */ = {isa = PBXFileReference; lastKnownFileType = folder.assetcatalog; path = Assets.xcassets; sourceTree = "<group>"; };
		6AC5CBFD26943B3C002DF232 /* Base */ = {isa = PBXFileReference; lastKnownFileType = file.storyboard; name = Base; path = Base.lproj/LaunchScreen.storyboard; sourceTree = "<group>"; };
		6AC5CBFF26943B3C002DF232 /* Info.plist */ = {isa = PBXFileReference; lastKnownFileType = text.plist.xml; path = Info.plist; sourceTree = "<group>"; };
		6AC5CC0426943B3C002DF232 /* countryListTests.xctest */ = {isa = PBXFileReference; explicitFileType = wrapper.cfbundle; includeInIndex = 0; path = countryListTests.xctest; sourceTree = BUILT_PRODUCTS_DIR; };
		6AC5CC0826943B3C002DF232 /* countryListTests.swift */ = {isa = PBXFileReference; lastKnownFileType = sourcecode.swift; path = countryListTests.swift; sourceTree = "<group>"; };
		6AC5CC0A26943B3C002DF232 /* Info.plist */ = {isa = PBXFileReference; lastKnownFileType = text.plist.xml; path = Info.plist; sourceTree = "<group>"; };
		6AC5CC0F26943B3C002DF232 /* countryListUITests.xctest */ = {isa = PBXFileReference; explicitFileType = wrapper.cfbundle; includeInIndex = 0; path = countryListUITests.xctest; sourceTree = BUILT_PRODUCTS_DIR; };
		6AC5CC1326943B3C002DF232 /* countryListUITests.swift */ = {isa = PBXFileReference; lastKnownFileType = sourcecode.swift; path = countryListUITests.swift; sourceTree = "<group>"; };
		6AC5CC1526943B3C002DF232 /* Info.plist */ = {isa = PBXFileReference; lastKnownFileType = text.plist.xml; path = Info.plist; sourceTree = "<group>"; };
		6AC5CC3726943EAF002DF232 /* JsonManager.swift */ = {isa = PBXFileReference; lastKnownFileType = sourcecode.swift; path = JsonManager.swift; sourceTree = "<group>"; };
		6AC5CC4126943ECD002DF232 /* Country.swift */ = {isa = PBXFileReference; lastKnownFileType = sourcecode.swift; path = Country.swift; sourceTree = "<group>"; };
		6AC5CC4826943ED9002DF232 /* Library.swift */ = {isa = PBXFileReference; lastKnownFileType = sourcecode.swift; path = Library.swift; sourceTree = "<group>"; };
		6AC5CC5526943FA1002DF232 /* countryList.json */ = {isa = PBXFileReference; fileEncoding = 4; lastKnownFileType = text.json; path = countryList.json; sourceTree = "<group>"; };
		6AC5CC65269450D6002DF232 /* CountryTableViewController.swift */ = {isa = PBXFileReference; lastKnownFileType = sourcecode.swift; path = CountryTableViewController.swift; sourceTree = "<group>"; };
		6AC5CC6D26945132002DF232 /* CountryTableViewCell.swift */ = {isa = PBXFileReference; lastKnownFileType = sourcecode.swift; path = CountryTableViewCell.swift; sourceTree = "<group>"; };
		6AC5CC7726947690002DF232 /* Enums.swift */ = {isa = PBXFileReference; lastKnownFileType = sourcecode.swift; path = Enums.swift; sourceTree = "<group>"; };
/* End PBXFileReference section */

/* Begin PBXFrameworksBuildPhase section */
		6AC5CBEB26943B33002DF232 /* Frameworks */ = {
			isa = PBXFrameworksBuildPhase;
			buildActionMask = 2147483647;
			files = (
			);
			runOnlyForDeploymentPostprocessing = 0;
		};
		6AC5CC0126943B3C002DF232 /* Frameworks */ = {
			isa = PBXFrameworksBuildPhase;
			buildActionMask = 2147483647;
			files = (
			);
			runOnlyForDeploymentPostprocessing = 0;
		};
		6AC5CC0C26943B3C002DF232 /* Frameworks */ = {
			isa = PBXFrameworksBuildPhase;
			buildActionMask = 2147483647;
			files = (
			);
			runOnlyForDeploymentPostprocessing = 0;
		};
/* End PBXFrameworksBuildPhase section */

/* Begin PBXGroup section */
		6AC5CBE526943B33002DF232 = {
			isa = PBXGroup;
			children = (
				6AC5CBF026943B33002DF232 /* countryList */,
				6AC5CC0726943B3C002DF232 /* countryListTests */,
				6AC5CC1226943B3C002DF232 /* countryListUITests */,
				6AC5CBEF26943B33002DF232 /* Products */,
			);
			sourceTree = "<group>";
		};
		6AC5CBEF26943B33002DF232 /* Products */ = {
			isa = PBXGroup;
			children = (
				6AC5CBEE26943B33002DF232 /* countryList.app */,
				6AC5CC0426943B3C002DF232 /* countryListTests.xctest */,
				6AC5CC0F26943B3C002DF232 /* countryListUITests.xctest */,
			);
			name = Products;
			sourceTree = "<group>";
		};
		6AC5CBF026943B33002DF232 /* countryList */ = {
			isa = PBXGroup;
			children = (
				6AC5CC6C269450E0002DF232 /* View */,
				6AC5CC3326943E92002DF232 /* Model */,
				6AC5CC2F26943E7F002DF232 /* Controller */,
				6AC5CC2426943D75002DF232 /* SupportingFiles */,
				6AC5CBF726943B33002DF232 /* Main.storyboard */,
				6AC5CBFA26943B3C002DF232 /* Assets.xcassets */,
				6AC5CBFC26943B3C002DF232 /* LaunchScreen.storyboard */,
			);
			path = countryList;
			sourceTree = "<group>";
		};
		6AC5CC0726943B3C002DF232 /* countryListTests */ = {
			isa = PBXGroup;
			children = (
				6AC5CC0826943B3C002DF232 /* countryListTests.swift */,
				6AC5CC0A26943B3C002DF232 /* Info.plist */,
			);
			path = countryListTests;
			sourceTree = "<group>";
		};
		6AC5CC1226943B3C002DF232 /* countryListUITests */ = {
			isa = PBXGroup;
			children = (
				6AC5CC1326943B3C002DF232 /* countryListUITests.swift */,
				6AC5CC1526943B3C002DF232 /* Info.plist */,
			);
			path = countryListUITests;
			sourceTree = "<group>";
		};
		6AC5CC2426943D75002DF232 /* SupportingFiles */ = {
			isa = PBXGroup;
			children = (
				6AC5CC5526943FA1002DF232 /* countryList.json */,
				6AC5CBF126943B33002DF232 /* AppDelegate.swift */,
				6AC5CBF326943B33002DF232 /* SceneDelegate.swift */,
				6AC5CBFF26943B3C002DF232 /* Info.plist */,
			);
			path = SupportingFiles;
			sourceTree = "<group>";
		};
		6AC5CC2F26943E7F002DF232 /* Controller */ = {
			isa = PBXGroup;
			children = (
				6AC5CC65269450D6002DF232 /* CountryTableViewController.swift */,
			);
			path = Controller;
			sourceTree = "<group>";
		};
		6AC5CC3326943E92002DF232 /* Model */ = {
			isa = PBXGroup;
			children = (
				6AC5CC3726943EAF002DF232 /* JsonManager.swift */,
				6AC5CC4126943ECD002DF232 /* Country.swift */,
				6AC5CC4826943ED9002DF232 /* Library.swift */,
				6AC5CC7726947690002DF232 /* Enums.swift */,
			);
			path = Model;
			sourceTree = "<group>";
		};
		6AC5CC6C269450E0002DF232 /* View */ = {
			isa = PBXGroup;
			children = (
				6AC5CC6D26945132002DF232 /* CountryTableViewCell.swift */,
			);
			path = View;
			sourceTree = "<group>";
		};
/* End PBXGroup section */

/* Begin PBXNativeTarget section */
		6AC5CBED26943B33002DF232 /* countryList */ = {
			isa = PBXNativeTarget;
			buildConfigurationList = 6AC5CC1826943B3C002DF232 /* Build configuration list for PBXNativeTarget "countryList" */;
			buildPhases = (
				6AC5CBEA26943B33002DF232 /* Sources */,
				6AC5CBEB26943B33002DF232 /* Frameworks */,
				6AC5CBEC26943B33002DF232 /* Resources */,
			);
			buildRules = (
			);
			dependencies = (
			);
			name = countryList;
			productName = countryList;
			productReference = 6AC5CBEE26943B33002DF232 /* countryList.app */;
			productType = "com.apple.product-type.application";
		};
		6AC5CC0326943B3C002DF232 /* countryListTests */ = {
			isa = PBXNativeTarget;
			buildConfigurationList = 6AC5CC1B26943B3C002DF232 /* Build configuration list for PBXNativeTarget "countryListTests" */;
			buildPhases = (
				6AC5CC0026943B3C002DF232 /* Sources */,
				6AC5CC0126943B3C002DF232 /* Frameworks */,
				6AC5CC0226943B3C002DF232 /* Resources */,
			);
			buildRules = (
			);
			dependencies = (
				6AC5CC0626943B3C002DF232 /* PBXTargetDependency */,
			);
			name = countryListTests;
			productName = countryListTests;
			productReference = 6AC5CC0426943B3C002DF232 /* countryListTests.xctest */;
			productType = "com.apple.product-type.bundle.unit-test";
		};
		6AC5CC0E26943B3C002DF232 /* countryListUITests */ = {
			isa = PBXNativeTarget;
			buildConfigurationList = 6AC5CC1E26943B3C002DF232 /* Build configuration list for PBXNativeTarget "countryListUITests" */;
			buildPhases = (
				6AC5CC0B26943B3C002DF232 /* Sources */,
				6AC5CC0C26943B3C002DF232 /* Frameworks */,
				6AC5CC0D26943B3C002DF232 /* Resources */,
			);
			buildRules = (
			);
			dependencies = (
				6AC5CC1126943B3C002DF232 /* PBXTargetDependency */,
			);
			name = countryListUITests;
			productName = countryListUITests;
			productReference = 6AC5CC0F26943B3C002DF232 /* countryListUITests.xctest */;
			productType = "com.apple.product-type.bundle.ui-testing";
		};
/* End PBXNativeTarget section */

/* Begin PBXProject section */
		6AC5CBE626943B33002DF232 /* Project object */ = {
			isa = PBXProject;
			attributes = {
				LastSwiftUpdateCheck = 1240;
				LastUpgradeCheck = 1240;
				TargetAttributes = {
					6AC5CBED26943B33002DF232 = {
						CreatedOnToolsVersion = 12.4;
					};
					6AC5CC0326943B3C002DF232 = {
						CreatedOnToolsVersion = 12.4;
						TestTargetID = 6AC5CBED26943B33002DF232;
					};
					6AC5CC0E26943B3C002DF232 = {
						CreatedOnToolsVersion = 12.4;
						TestTargetID = 6AC5CBED26943B33002DF232;
					};
				};
			};
			buildConfigurationList = 6AC5CBE926943B33002DF232 /* Build configuration list for PBXProject "countryList" */;
			compatibilityVersion = "Xcode 9.3";
			developmentRegion = en;
			hasScannedForEncodings = 0;
			knownRegions = (
				en,
				Base,
			);
			mainGroup = 6AC5CBE526943B33002DF232;
			productRefGroup = 6AC5CBEF26943B33002DF232 /* Products */;
			projectDirPath = "";
			projectRoot = "";
			targets = (
				6AC5CBED26943B33002DF232 /* countryList */,
				6AC5CC0326943B3C002DF232 /* countryListTests */,
				6AC5CC0E26943B3C002DF232 /* countryListUITests */,
			);
		};
/* End PBXProject section */

/* Begin PBXResourcesBuildPhase section */
		6AC5CBEC26943B33002DF232 /* Resources */ = {
			isa = PBXResourcesBuildPhase;
			buildActionMask = 2147483647;
			files = (
				6AC5CC5626943FA1002DF232 /* countryList.json in Resources */,
				6AC5CBFE26943B3C002DF232 /* LaunchScreen.storyboard in Resources */,
				6AC5CBFB26943B3C002DF232 /* Assets.xcassets in Resources */,
				6AC5CBF926943B33002DF232 /* Main.storyboard in Resources */,
			);
			runOnlyForDeploymentPostprocessing = 0;
		};
		6AC5CC0226943B3C002DF232 /* Resources */ = {
			isa = PBXResourcesBuildPhase;
			buildActionMask = 2147483647;
			files = (
				6AC5CC5726943FA1002DF232 /* countryList.json in Resources */,
			);
			runOnlyForDeploymentPostprocessing = 0;
		};
		6AC5CC0D26943B3C002DF232 /* Resources */ = {
			isa = PBXResourcesBuildPhase;
			buildActionMask = 2147483647;
			files = (
				6AC5CC5826943FA1002DF232 /* countryList.json in Resources */,
			);
			runOnlyForDeploymentPostprocessing = 0;
		};
/* End PBXResourcesBuildPhase section */

/* Begin PBXSourcesBuildPhase section */
		6AC5CBEA26943B33002DF232 /* Sources */ = {
			isa = PBXSourcesBuildPhase;
			buildActionMask = 2147483647;
			files = (
				6AC5CC3826943EAF002DF232 /* JsonManager.swift in Sources */,
				6AC5CBF226943B33002DF232 /* AppDelegate.swift in Sources */,
				6AC5CC4226943ECD002DF232 /* Country.swift in Sources */,
				6AC5CC6E26945132002DF232 /* CountryTableViewCell.swift in Sources */,
				6AC5CBF426943B33002DF232 /* SceneDelegate.swift in Sources */,
				6AC5CC4926943ED9002DF232 /* Library.swift in Sources */,
				6AC5CC7826947690002DF232 /* Enums.swift in Sources */,
				6AC5CC66269450D6002DF232 /* CountryTableViewController.swift in Sources */,
			);
			runOnlyForDeploymentPostprocessing = 0;
		};
		6AC5CC0026943B3C002DF232 /* Sources */ = {
			isa = PBXSourcesBuildPhase;
			buildActionMask = 2147483647;
			files = (
				6AC5CC6F26945132002DF232 /* CountryTableViewCell.swift in Sources */,
				6AC5CC67269450D6002DF232 /* CountryTableViewController.swift in Sources */,
				6AC5CC0926943B3C002DF232 /* countryListTests.swift in Sources */,
				6AC5CC4A26943ED9002DF232 /* Library.swift in Sources */,
				6AC5CC7926947690002DF232 /* Enums.swift in Sources */,
				6AC5CC4326943ECD002DF232 /* Country.swift in Sources */,
				6AC5CC3926943EAF002DF232 /* JsonManager.swift in Sources */,
			);
			runOnlyForDeploymentPostprocessing = 0;
		};
		6AC5CC0B26943B3C002DF232 /* Sources */ = {
			isa = PBXSourcesBuildPhase;
			buildActionMask = 2147483647;
			files = (
				6AC5CC7026945132002DF232 /* CountryTableViewCell.swift in Sources */,
				6AC5CC68269450D6002DF232 /* CountryTableViewController.swift in Sources */,
				6AC5CC1426943B3C002DF232 /* countryListUITests.swift in Sources */,
				6AC5CC4B26943ED9002DF232 /* Library.swift in Sources */,
				6AC5CC7A26947690002DF232 /* Enums.swift in Sources */,
				6AC5CC4426943ECD002DF232 /* Country.swift in Sources */,
				6AC5CC3A26943EAF002DF232 /* JsonManager.swift in Sources */,
			);
			runOnlyForDeploymentPostprocessing = 0;
		};
/* End PBXSourcesBuildPhase section */

/* Begin PBXTargetDependency section */
		6AC5CC0626943B3C002DF232 /* PBXTargetDependency */ = {
			isa = PBXTargetDependency;
			target = 6AC5CBED26943B33002DF232 /* countryList */;
			targetProxy = 6AC5CC0526943B3C002DF232 /* PBXContainerItemProxy */;
		};
		6AC5CC1126943B3C002DF232 /* PBXTargetDependency */ = {
			isa = PBXTargetDependency;
			target = 6AC5CBED26943B33002DF232 /* countryList */;
			targetProxy = 6AC5CC1026943B3C002DF232 /* PBXContainerItemProxy */;
		};
/* End PBXTargetDependency section */

/* Begin PBXVariantGroup section */
		6AC5CBF726943B33002DF232 /* Main.storyboard */ = {
			isa = PBXVariantGroup;
			children = (
				6AC5CBF826943B33002DF232 /* Base */,
			);
			name = Main.storyboard;
			sourceTree = "<group>";
		};
		6AC5CBFC26943B3C002DF232 /* LaunchScreen.storyboard */ = {
			isa = PBXVariantGroup;
			children = (
				6AC5CBFD26943B3C002DF232 /* Base */,
			);
			name = LaunchScreen.storyboard;
			sourceTree = "<group>";
		};
/* End PBXVariantGroup section */

/* Begin XCBuildConfiguration section */
		6AC5CC1626943B3C002DF232 /* Debug */ = {
			isa = XCBuildConfiguration;
			buildSettings = {
				ALWAYS_SEARCH_USER_PATHS = NO;
				CLANG_ANALYZER_NONNULL = YES;
				CLANG_ANALYZER_NUMBER_OBJECT_CONVERSION = YES_AGGRESSIVE;
				CLANG_CXX_LANGUAGE_STANDARD = "gnu++14";
				CLANG_CXX_LIBRARY = "libc++";
				CLANG_ENABLE_MODULES = YES;
				CLANG_ENABLE_OBJC_ARC = YES;
				CLANG_ENABLE_OBJC_WEAK = YES;
				CLANG_WARN_BLOCK_CAPTURE_AUTORELEASING = YES;
				CLANG_WARN_BOOL_CONVERSION = YES;
				CLANG_WARN_COMMA = YES;
				CLANG_WARN_CONSTANT_CONVERSION = YES;
				CLANG_WARN_DEPRECATED_OBJC_IMPLEMENTATIONS = YES;
				CLANG_WARN_DIRECT_OBJC_ISA_USAGE = YES_ERROR;
				CLANG_WARN_DOCUMENTATION_COMMENTS = YES;
				CLANG_WARN_EMPTY_BODY = YES;
				CLANG_WARN_ENUM_CONVERSION = YES;
				CLANG_WARN_INFINITE_RECURSION = YES;
				CLANG_WARN_INT_CONVERSION = YES;
				CLANG_WARN_NON_LITERAL_NULL_CONVERSION = YES;
				CLANG_WARN_OBJC_IMPLICIT_RETAIN_SELF = YES;
				CLANG_WARN_OBJC_LITERAL_CONVERSION = YES;
				CLANG_WARN_OBJC_ROOT_CLASS = YES_ERROR;
				CLANG_WARN_QUOTED_INCLUDE_IN_FRAMEWORK_HEADER = YES;
				CLANG_WARN_RANGE_LOOP_ANALYSIS = YES;
				CLANG_WARN_STRICT_PROTOTYPES = YES;
				CLANG_WARN_SUSPICIOUS_MOVE = YES;
				CLANG_WARN_UNGUARDED_AVAILABILITY = YES_AGGRESSIVE;
				CLANG_WARN_UNREACHABLE_CODE = YES;
				CLANG_WARN__DUPLICATE_METHOD_MATCH = YES;
				COPY_PHASE_STRIP = NO;
				DEBUG_INFORMATION_FORMAT = dwarf;
				ENABLE_STRICT_OBJC_MSGSEND = YES;
				ENABLE_TESTABILITY = YES;
				GCC_C_LANGUAGE_STANDARD = gnu11;
				GCC_DYNAMIC_NO_PIC = NO;
				GCC_NO_COMMON_BLOCKS = YES;
				GCC_OPTIMIZATION_LEVEL = 0;
				GCC_PREPROCESSOR_DEFINITIONS = (
					"DEBUG=1",
					"$(inherited)",
				);
				GCC_WARN_64_TO_32_BIT_CONVERSION = YES;
				GCC_WARN_ABOUT_RETURN_TYPE = YES_ERROR;
				GCC_WARN_UNDECLARED_SELECTOR = YES;
				GCC_WARN_UNINITIALIZED_AUTOS = YES_AGGRESSIVE;
				GCC_WARN_UNUSED_FUNCTION = YES;
				GCC_WARN_UNUSED_VARIABLE = YES;
				IPHONEOS_DEPLOYMENT_TARGET = 14.4;
				MTL_ENABLE_DEBUG_INFO = INCLUDE_SOURCE;
				MTL_FAST_MATH = YES;
				ONLY_ACTIVE_ARCH = YES;
				SDKROOT = iphoneos;
				SWIFT_ACTIVE_COMPILATION_CONDITIONS = DEBUG;
				SWIFT_OPTIMIZATION_LEVEL = "-Onone";
			};
			name = Debug;
		};
		6AC5CC1726943B3C002DF232 /* Release */ = {
			isa = XCBuildConfiguration;
			buildSettings = {
				ALWAYS_SEARCH_USER_PATHS = NO;
				CLANG_ANALYZER_NONNULL = YES;
				CLANG_ANALYZER_NUMBER_OBJECT_CONVERSION = YES_AGGRESSIVE;
				CLANG_CXX_LANGUAGE_STANDARD = "gnu++14";
				CLANG_CXX_LIBRARY = "libc++";
				CLANG_ENABLE_MODULES = YES;
				CLANG_ENABLE_OBJC_ARC = YES;
				CLANG_ENABLE_OBJC_WEAK = YES;
				CLANG_WARN_BLOCK_CAPTURE_AUTORELEASING = YES;
				CLANG_WARN_BOOL_CONVERSION = YES;
				CLANG_WARN_COMMA = YES;
				CLANG_WARN_CONSTANT_CONVERSION = YES;
				CLANG_WARN_DEPRECATED_OBJC_IMPLEMENTATIONS = YES;
				CLANG_WARN_DIRECT_OBJC_ISA_USAGE = YES_ERROR;
				CLANG_WARN_DOCUMENTATION_COMMENTS = YES;
				CLANG_WARN_EMPTY_BODY = YES;
				CLANG_WARN_ENUM_CONVERSION = YES;
				CLANG_WARN_INFINITE_RECURSION = YES;
				CLANG_WARN_INT_CONVERSION = YES;
				CLANG_WARN_NON_LITERAL_NULL_CONVERSION = YES;
				CLANG_WARN_OBJC_IMPLICIT_RETAIN_SELF = YES;
				CLANG_WARN_OBJC_LITERAL_CONVERSION = YES;
				CLANG_WARN_OBJC_ROOT_CLASS = YES_ERROR;
				CLANG_WARN_QUOTED_INCLUDE_IN_FRAMEWORK_HEADER = YES;
				CLANG_WARN_RANGE_LOOP_ANALYSIS = YES;
				CLANG_WARN_STRICT_PROTOTYPES = YES;
				CLANG_WARN_SUSPICIOUS_MOVE = YES;
				CLANG_WARN_UNGUARDED_AVAILABILITY = YES_AGGRESSIVE;
				CLANG_WARN_UNREACHABLE_CODE = YES;
				CLANG_WARN__DUPLICATE_METHOD_MATCH = YES;
				COPY_PHASE_STRIP = NO;
				DEBUG_INFORMATION_FORMAT = "dwarf-with-dsym";
				ENABLE_NS_ASSERTIONS = NO;
				ENABLE_STRICT_OBJC_MSGSEND = YES;
				GCC_C_LANGUAGE_STANDARD = gnu11;
				GCC_NO_COMMON_BLOCKS = YES;
				GCC_WARN_64_TO_32_BIT_CONVERSION = YES;
				GCC_WARN_ABOUT_RETURN_TYPE = YES_ERROR;
				GCC_WARN_UNDECLARED_SELECTOR = YES;
				GCC_WARN_UNINITIALIZED_AUTOS = YES_AGGRESSIVE;
				GCC_WARN_UNUSED_FUNCTION = YES;
				GCC_WARN_UNUSED_VARIABLE = YES;
				IPHONEOS_DEPLOYMENT_TARGET = 14.4;
				MTL_ENABLE_DEBUG_INFO = NO;
				MTL_FAST_MATH = YES;
				SDKROOT = iphoneos;
				SWIFT_COMPILATION_MODE = wholemodule;
				SWIFT_OPTIMIZATION_LEVEL = "-O";
				VALIDATE_PRODUCT = YES;
			};
			name = Release;
		};
		6AC5CC1926943B3C002DF232 /* Debug */ = {
			isa = XCBuildConfiguration;
			buildSettings = {
				ASSETCATALOG_COMPILER_APPICON_NAME = AppIcon;
				ASSETCATALOG_COMPILER_GLOBAL_ACCENT_COLOR_NAME = AccentColor;
				CODE_SIGN_STYLE = Automatic;
				INFOPLIST_FILE = countryList/SupportingFiles/Info.plist;
				LD_RUNPATH_SEARCH_PATHS = (
					"$(inherited)",
					"@executable_path/Frameworks",
				);
				PRODUCT_BUNDLE_IDENTIFIER = danny.countryList;
				PRODUCT_NAME = "$(TARGET_NAME)";
				SWIFT_VERSION = 5.0;
				TARGETED_DEVICE_FAMILY = "1,2";
			};
			name = Debug;
		};
		6AC5CC1A26943B3C002DF232 /* Release */ = {
			isa = XCBuildConfiguration;
			buildSettings = {
				ASSETCATALOG_COMPILER_APPICON_NAME = AppIcon;
				ASSETCATALOG_COMPILER_GLOBAL_ACCENT_COLOR_NAME = AccentColor;
				CODE_SIGN_STYLE = Automatic;
				INFOPLIST_FILE = countryList/SupportingFiles/Info.plist;
				LD_RUNPATH_SEARCH_PATHS = (
					"$(inherited)",
					"@executable_path/Frameworks",
				);
				PRODUCT_BUNDLE_IDENTIFIER = danny.countryList;
				PRODUCT_NAME = "$(TARGET_NAME)";
				SWIFT_VERSION = 5.0;
				TARGETED_DEVICE_FAMILY = "1,2";
			};
			name = Release;
		};
		6AC5CC1C26943B3C002DF232 /* Debug */ = {
			isa = XCBuildConfiguration;
			buildSettings = {
				ALWAYS_EMBED_SWIFT_STANDARD_LIBRARIES = YES;
				BUNDLE_LOADER = "$(TEST_HOST)";
				CODE_SIGN_STYLE = Automatic;
				INFOPLIST_FILE = countryListTests/Info.plist;
				IPHONEOS_DEPLOYMENT_TARGET = 14.4;
				LD_RUNPATH_SEARCH_PATHS = (
					"$(inherited)",
					"@executable_path/Frameworks",
					"@loader_path/Frameworks",
				);
				PRODUCT_BUNDLE_IDENTIFIER = danny.countryListTests;
				PRODUCT_NAME = "$(TARGET_NAME)";
				SWIFT_VERSION = 5.0;
				TARGETED_DEVICE_FAMILY = "1,2";
				TEST_HOST = "$(BUILT_PRODUCTS_DIR)/countryList.app/countryList";
			};
			name = Debug;
		};
		6AC5CC1D26943B3C002DF232 /* Release */ = {
			isa = XCBuildConfiguration;
			buildSettings = {
				ALWAYS_EMBED_SWIFT_STANDARD_LIBRARIES = YES;
				BUNDLE_LOADER = "$(TEST_HOST)";
				CODE_SIGN_STYLE = Automatic;
				INFOPLIST_FILE = countryListTests/Info.plist;
				IPHONEOS_DEPLOYMENT_TARGET = 14.4;
				LD_RUNPATH_SEARCH_PATHS = (
					"$(inherited)",
					"@executable_path/Frameworks",
					"@loader_path/Frameworks",
				);
				PRODUCT_BUNDLE_IDENTIFIER = danny.countryListTests;
				PRODUCT_NAME = "$(TARGET_NAME)";
				SWIFT_VERSION = 5.0;
				TARGETED_DEVICE_FAMILY = "1,2";
				TEST_HOST = "$(BUILT_PRODUCTS_DIR)/countryList.app/countryList";
			};
			name = Release;
		};
		6AC5CC1F26943B3C002DF232 /* Debug */ = {
			isa = XCBuildConfiguration;
			buildSettings = {
				ALWAYS_EMBED_SWIFT_STANDARD_LIBRARIES = YES;
				CODE_SIGN_STYLE = Automatic;
				INFOPLIST_FILE = countryListUITests/Info.plist;
				LD_RUNPATH_SEARCH_PATHS = (
					"$(inherited)",
					"@executable_path/Frameworks",
					"@loader_path/Frameworks",
				);
				PRODUCT_BUNDLE_IDENTIFIER = danny.countryListUITests;
				PRODUCT_NAME = "$(TARGET_NAME)";
				SWIFT_VERSION = 5.0;
				TARGETED_DEVICE_FAMILY = "1,2";
				TEST_TARGET_NAME = countryList;
			};
			name = Debug;
		};
		6AC5CC2026943B3C002DF232 /* Release */ = {
			isa = XCBuildConfiguration;
			buildSettings = {
				ALWAYS_EMBED_SWIFT_STANDARD_LIBRARIES = YES;
				CODE_SIGN_STYLE = Automatic;
				INFOPLIST_FILE = countryListUITests/Info.plist;
				LD_RUNPATH_SEARCH_PATHS = (
					"$(inherited)",
					"@executable_path/Frameworks",
					"@loader_path/Frameworks",
				);
				PRODUCT_BUNDLE_IDENTIFIER = danny.countryListUITests;
				PRODUCT_NAME = "$(TARGET_NAME)";
				SWIFT_VERSION = 5.0;
				TARGETED_DEVICE_FAMILY = "1,2";
				TEST_TARGET_NAME = countryList;
			};
			name = Release;
		};
/* End XCBuildConfiguration section */

/* Begin XCConfigurationList section */
		6AC5CBE926943B33002DF232 /* Build configuration list for PBXProject "countryList" */ = {
			isa = XCConfigurationList;
			buildConfigurations = (
				6AC5CC1626943B3C002DF232 /* Debug */,
				6AC5CC1726943B3C002DF232 /* Release */,
			);
			defaultConfigurationIsVisible = 0;
			defaultConfigurationName = Release;
		};
		6AC5CC1826943B3C002DF232 /* Build configuration list for PBXNativeTarget "countryList" */ = {
			isa = XCConfigurationList;
			buildConfigurations = (
				6AC5CC1926943B3C002DF232 /* Debug */,
				6AC5CC1A26943B3C002DF232 /* Release */,
			);
			defaultConfigurationIsVisible = 0;
			defaultConfigurationName = Release;
		};
		6AC5CC1B26943B3C002DF232 /* Build configuration list for PBXNativeTarget "countryListTests" */ = {
			isa = XCConfigurationList;
			buildConfigurations = (
				6AC5CC1C26943B3C002DF232 /* Debug */,
				6AC5CC1D26943B3C002DF232 /* Release */,
			);
			defaultConfigurationIsVisible = 0;
			defaultConfigurationName = Release;
		};
		6AC5CC1E26943B3C002DF232 /* Build configuration list for PBXNativeTarget "countryListUITests" */ = {
			isa = XCConfigurationList;
			buildConfigurations = (
				6AC5CC1F26943B3C002DF232 /* Debug */,
				6AC5CC2026943B3C002DF232 /* Release */,
			);
			defaultConfigurationIsVisible = 0;
			defaultConfigurationName = Release;
		};
/* End XCConfigurationList section */
	};
	rootObject = 6AC5CBE626943B33002DF232 /* Project object */;
}
